// !$*UTF8*$!
{
	archiveVersion = 1;
	classes = {
	};
	objectVersion = 56;
	objects = {

/* Begin PBXBuildFile section */
		EAE799D72992BE4D002097FA /* UIView+Extension.swift in Sources */ = {isa = PBXBuildFile; fileRef = EAE799D62992BE4D002097FA /* UIView+Extension.swift */; };
		EAEC50E329901CCE00FCE1F0 /* AppDelegate.swift in Sources */ = {isa = PBXBuildFile; fileRef = EAEC50E229901CCE00FCE1F0 /* AppDelegate.swift */; };
		EAEC50E529901CCE00FCE1F0 /* SceneDelegate.swift in Sources */ = {isa = PBXBuildFile; fileRef = EAEC50E429901CCE00FCE1F0 /* SceneDelegate.swift */; };
		EAEC50EC29901CD000FCE1F0 /* Assets.xcassets in Resources */ = {isa = PBXBuildFile; fileRef = EAEC50EB29901CD000FCE1F0 /* Assets.xcassets */; };
		EAEC50EF29901CD000FCE1F0 /* LaunchScreen.storyboard in Resources */ = {isa = PBXBuildFile; fileRef = EAEC50ED29901CD000FCE1F0 /* LaunchScreen.storyboard */; };
		EAEC50FA29901CE600FCE1F0 /* RMService.swift in Sources */ = {isa = PBXBuildFile; fileRef = EAEC50F729901CE600FCE1F0 /* RMService.swift */; };
		EAEC50FB29901CE600FCE1F0 /* RMRequest.swift in Sources */ = {isa = PBXBuildFile; fileRef = EAEC50F829901CE600FCE1F0 /* RMRequest.swift */; };
		EAEC50FC29901CE600FCE1F0 /* RMEndPoint.swift in Sources */ = {isa = PBXBuildFile; fileRef = EAEC50F929901CE600FCE1F0 /* RMEndPoint.swift */; };
		EAEC50FF29901CF300FCE1F0 /* RMImageLoader.swift in Sources */ = {isa = PBXBuildFile; fileRef = EAEC50FE29901CF300FCE1F0 /* RMImageLoader.swift */; };
		EAEC510A29901CFD00FCE1F0 /* RMGetAllCharactersResponse.swift in Sources */ = {isa = PBXBuildFile; fileRef = EAEC510229901CFD00FCE1F0 /* RMGetAllCharactersResponse.swift */; };
		EAEC510B29901CFD00FCE1F0 /* RMOrigin.swift in Sources */ = {isa = PBXBuildFile; fileRef = EAEC510429901CFD00FCE1F0 /* RMOrigin.swift */; };
		EAEC510C29901CFD00FCE1F0 /* RMCharacterStatus.swift in Sources */ = {isa = PBXBuildFile; fileRef = EAEC510529901CFD00FCE1F0 /* RMCharacterStatus.swift */; };
		EAEC510D29901CFD00FCE1F0 /* RMLocation.swift in Sources */ = {isa = PBXBuildFile; fileRef = EAEC510629901CFD00FCE1F0 /* RMLocation.swift */; };
		EAEC510E29901CFD00FCE1F0 /* RMEpisode.swift in Sources */ = {isa = PBXBuildFile; fileRef = EAEC510729901CFD00FCE1F0 /* RMEpisode.swift */; };
		EAEC510F29901CFD00FCE1F0 /* RMCharacterGender.swift in Sources */ = {isa = PBXBuildFile; fileRef = EAEC510829901CFD00FCE1F0 /* RMCharacterGender.swift */; };
		EAEC511029901CFD00FCE1F0 /* RMSingleLocation.swift in Sources */ = {isa = PBXBuildFile; fileRef = EAEC510929901CFD00FCE1F0 /* RMSingleLocation.swift */; };
		EAEC511229901D3C00FCE1F0 /* RMCharacter.swift in Sources */ = {isa = PBXBuildFile; fileRef = EAEC511129901D3C00FCE1F0 /* RMCharacter.swift */; };
		EAEC513729901D5200FCE1F0 /* RMTabBarController.swift in Sources */ = {isa = PBXBuildFile; fileRef = EAEC511529901D5100FCE1F0 /* RMTabBarController.swift */; };
		EAEC513829901D5200FCE1F0 /* RMSettingVC.swift in Sources */ = {isa = PBXBuildFile; fileRef = EAEC511629901D5100FCE1F0 /* RMSettingVC.swift */; };
		EAEC513929901D5200FCE1F0 /* RMLoactionVC.swift in Sources */ = {isa = PBXBuildFile; fileRef = EAEC511729901D5100FCE1F0 /* RMLoactionVC.swift */; };
		EAEC513A29901D5200FCE1F0 /* RMEpisodeVC.swift in Sources */ = {isa = PBXBuildFile; fileRef = EAEC511829901D5100FCE1F0 /* RMEpisodeVC.swift */; };
		EAEC514C29901DE000FCE1F0 /* RMCharacterVC.swift in Sources */ = {isa = PBXBuildFile; fileRef = EAEC514B29901DE000FCE1F0 /* RMCharacterVC.swift */; };
		EAEC515329902B7100FCE1F0 /* RMCharacterView.swift in Sources */ = {isa = PBXBuildFile; fileRef = EAEC515229902B7100FCE1F0 /* RMCharacterView.swift */; };
		EAEC515529902B7900FCE1F0 /* RMCharacterViewModel.swift in Sources */ = {isa = PBXBuildFile; fileRef = EAEC515429902B7900FCE1F0 /* RMCharacterViewModel.swift */; };
/* End PBXBuildFile section */

/* Begin PBXFileReference section */
		EAE799D62992BE4D002097FA /* UIView+Extension.swift */ = {isa = PBXFileReference; lastKnownFileType = sourcecode.swift; path = "UIView+Extension.swift"; sourceTree = "<group>"; };
		EAEC50DF29901CCE00FCE1F0 /* MortyApp.app */ = {isa = PBXFileReference; explicitFileType = wrapper.application; includeInIndex = 0; path = MortyApp.app; sourceTree = BUILT_PRODUCTS_DIR; };
		EAEC50E229901CCE00FCE1F0 /* AppDelegate.swift */ = {isa = PBXFileReference; lastKnownFileType = sourcecode.swift; path = AppDelegate.swift; sourceTree = "<group>"; };
		EAEC50E429901CCE00FCE1F0 /* SceneDelegate.swift */ = {isa = PBXFileReference; lastKnownFileType = sourcecode.swift; path = SceneDelegate.swift; sourceTree = "<group>"; };
		EAEC50EB29901CD000FCE1F0 /* Assets.xcassets */ = {isa = PBXFileReference; lastKnownFileType = folder.assetcatalog; path = Assets.xcassets; sourceTree = "<group>"; };
		EAEC50EE29901CD000FCE1F0 /* Base */ = {isa = PBXFileReference; lastKnownFileType = file.storyboard; name = Base; path = Base.lproj/LaunchScreen.storyboard; sourceTree = "<group>"; };
		EAEC50F029901CD000FCE1F0 /* Info.plist */ = {isa = PBXFileReference; lastKnownFileType = text.plist.xml; path = Info.plist; sourceTree = "<group>"; };
		EAEC50F729901CE600FCE1F0 /* RMService.swift */ = {isa = PBXFileReference; fileEncoding = 4; lastKnownFileType = sourcecode.swift; path = RMService.swift; sourceTree = "<group>"; };
		EAEC50F829901CE600FCE1F0 /* RMRequest.swift */ = {isa = PBXFileReference; fileEncoding = 4; lastKnownFileType = sourcecode.swift; path = RMRequest.swift; sourceTree = "<group>"; };
		EAEC50F929901CE600FCE1F0 /* RMEndPoint.swift */ = {isa = PBXFileReference; fileEncoding = 4; lastKnownFileType = sourcecode.swift; path = RMEndPoint.swift; sourceTree = "<group>"; };
		EAEC50FE29901CF300FCE1F0 /* RMImageLoader.swift */ = {isa = PBXFileReference; fileEncoding = 4; lastKnownFileType = sourcecode.swift; path = RMImageLoader.swift; sourceTree = "<group>"; };
		EAEC510229901CFD00FCE1F0 /* RMGetAllCharactersResponse.swift */ = {isa = PBXFileReference; fileEncoding = 4; lastKnownFileType = sourcecode.swift; path = RMGetAllCharactersResponse.swift; sourceTree = "<group>"; };
		EAEC510429901CFD00FCE1F0 /* RMOrigin.swift */ = {isa = PBXFileReference; fileEncoding = 4; lastKnownFileType = sourcecode.swift; path = RMOrigin.swift; sourceTree = "<group>"; };
		EAEC510529901CFD00FCE1F0 /* RMCharacterStatus.swift */ = {isa = PBXFileReference; fileEncoding = 4; lastKnownFileType = sourcecode.swift; path = RMCharacterStatus.swift; sourceTree = "<group>"; };
		EAEC510629901CFD00FCE1F0 /* RMLocation.swift */ = {isa = PBXFileReference; fileEncoding = 4; lastKnownFileType = sourcecode.swift; path = RMLocation.swift; sourceTree = "<group>"; };
		EAEC510729901CFD00FCE1F0 /* RMEpisode.swift */ = {isa = PBXFileReference; fileEncoding = 4; lastKnownFileType = sourcecode.swift; path = RMEpisode.swift; sourceTree = "<group>"; };
		EAEC510829901CFD00FCE1F0 /* RMCharacterGender.swift */ = {isa = PBXFileReference; fileEncoding = 4; lastKnownFileType = sourcecode.swift; path = RMCharacterGender.swift; sourceTree = "<group>"; };
		EAEC510929901CFD00FCE1F0 /* RMSingleLocation.swift */ = {isa = PBXFileReference; fileEncoding = 4; lastKnownFileType = sourcecode.swift; path = RMSingleLocation.swift; sourceTree = "<group>"; };
		EAEC511129901D3C00FCE1F0 /* RMCharacter.swift */ = {isa = PBXFileReference; fileEncoding = 4; lastKnownFileType = sourcecode.swift; path = RMCharacter.swift; sourceTree = "<group>"; };
		EAEC511529901D5100FCE1F0 /* RMTabBarController.swift */ = {isa = PBXFileReference; fileEncoding = 4; lastKnownFileType = sourcecode.swift; path = RMTabBarController.swift; sourceTree = "<group>"; };
		EAEC511629901D5100FCE1F0 /* RMSettingVC.swift */ = {isa = PBXFileReference; fileEncoding = 4; lastKnownFileType = sourcecode.swift; path = RMSettingVC.swift; sourceTree = "<group>"; };
		EAEC511729901D5100FCE1F0 /* RMLoactionVC.swift */ = {isa = PBXFileReference; fileEncoding = 4; lastKnownFileType = sourcecode.swift; path = RMLoactionVC.swift; sourceTree = "<group>"; };
		EAEC511829901D5100FCE1F0 /* RMEpisodeVC.swift */ = {isa = PBXFileReference; fileEncoding = 4; lastKnownFileType = sourcecode.swift; path = RMEpisodeVC.swift; sourceTree = "<group>"; };
		EAEC514B29901DE000FCE1F0 /* RMCharacterVC.swift */ = {isa = PBXFileReference; lastKnownFileType = sourcecode.swift; path = RMCharacterVC.swift; sourceTree = "<group>"; };
		EAEC515229902B7100FCE1F0 /* RMCharacterView.swift */ = {isa = PBXFileReference; lastKnownFileType = sourcecode.swift; path = RMCharacterView.swift; sourceTree = "<group>"; };
		EAEC515429902B7900FCE1F0 /* RMCharacterViewModel.swift */ = {isa = PBXFileReference; lastKnownFileType = sourcecode.swift; path = RMCharacterViewModel.swift; sourceTree = "<group>"; };
/* End PBXFileReference section */

/* Begin PBXFrameworksBuildPhase section */
		EAEC50DC29901CCE00FCE1F0 /* Frameworks */ = {
			isa = PBXFrameworksBuildPhase;
			buildActionMask = 2147483647;
			files = (
			);
			runOnlyForDeploymentPostprocessing = 0;
		};
/* End PBXFrameworksBuildPhase section */

/* Begin PBXGroup section */
		EAE799D52992BE3E002097FA /* Extensions */ = {
			isa = PBXGroup;
			children = (
				EAE799D62992BE4D002097FA /* UIView+Extension.swift */,
			);
			path = Extensions;
			sourceTree = "<group>";
		};
		EAEC50D629901CCE00FCE1F0 = {
			isa = PBXGroup;
			children = (
				EAEC50E129901CCE00FCE1F0 /* MortyApp */,
				EAEC50E029901CCE00FCE1F0 /* Products */,
			);
			sourceTree = "<group>";
		};
		EAEC50E029901CCE00FCE1F0 /* Products */ = {
			isa = PBXGroup;
			children = (
				EAEC50DF29901CCE00FCE1F0 /* MortyApp.app */,
			);
			name = Products;
			sourceTree = "<group>";
		};
		EAEC50E129901CCE00FCE1F0 /* MortyApp */ = {
			isa = PBXGroup;
			children = (
				EAEC50F029901CD000FCE1F0 /* Info.plist */,
				EAE799D52992BE3E002097FA /* Extensions */,
				EAEC514D29901DEE00FCE1F0 /* Supporting Files */,
				EAEC511329901D5100FCE1F0 /* Controllers */,
				EAEC510029901CFD00FCE1F0 /* Models */,
				EAEC50FD29901CF300FCE1F0 /* Manager */,
				EAEC50F629901CE600FCE1F0 /* APIs */,
			);
			path = MortyApp;
			sourceTree = "<group>";
		};
		EAEC50F629901CE600FCE1F0 /* APIs */ = {
			isa = PBXGroup;
			children = (
				EAEC50F729901CE600FCE1F0 /* RMService.swift */,
				EAEC50F829901CE600FCE1F0 /* RMRequest.swift */,
				EAEC50F929901CE600FCE1F0 /* RMEndPoint.swift */,
			);
			path = APIs;
			sourceTree = "<group>";
		};
		EAEC50FD29901CF300FCE1F0 /* Manager */ = {
			isa = PBXGroup;
			children = (
				EAEC50FE29901CF300FCE1F0 /* RMImageLoader.swift */,
			);
			path = Manager;
			sourceTree = "<group>";
		};
		EAEC510029901CFD00FCE1F0 /* Models */ = {
			isa = PBXGroup;
			children = (
				EAEC510129901CFD00FCE1F0 /* APIResponseTypes */,
				EAEC510329901CFD00FCE1F0 /* DataType */,
			);
			path = Models;
			sourceTree = "<group>";
		};
		EAEC510129901CFD00FCE1F0 /* APIResponseTypes */ = {
			isa = PBXGroup;
			children = (
				EAEC511129901D3C00FCE1F0 /* RMCharacter.swift */,
				EAEC510229901CFD00FCE1F0 /* RMGetAllCharactersResponse.swift */,
			);
			path = APIResponseTypes;
			sourceTree = "<group>";
		};
		EAEC510329901CFD00FCE1F0 /* DataType */ = {
			isa = PBXGroup;
			children = (
				EAEC510429901CFD00FCE1F0 /* RMOrigin.swift */,
				EAEC510529901CFD00FCE1F0 /* RMCharacterStatus.swift */,
				EAEC510629901CFD00FCE1F0 /* RMLocation.swift */,
				EAEC510729901CFD00FCE1F0 /* RMEpisode.swift */,
				EAEC510829901CFD00FCE1F0 /* RMCharacterGender.swift */,
				EAEC510929901CFD00FCE1F0 /* RMSingleLocation.swift */,
			);
			path = DataType;
			sourceTree = "<group>";
		};
		EAEC511329901D5100FCE1F0 /* Controllers */ = {
			isa = PBXGroup;
			children = (
				EAEC514E299022F100FCE1F0 /* Other */,
				EAEC511429901D5100FCE1F0 /* Core */,
			);
			path = Controllers;
			sourceTree = "<group>";
		};
		EAEC511429901D5100FCE1F0 /* Core */ = {
			isa = PBXGroup;
			children = (
				EAEC511529901D5100FCE1F0 /* RMTabBarController.swift */,
				EAEC511629901D5100FCE1F0 /* RMSettingVC.swift */,
				EAEC511729901D5100FCE1F0 /* RMLoactionVC.swift */,
				EAEC511829901D5100FCE1F0 /* RMEpisodeVC.swift */,
			);
			path = Core;
			sourceTree = "<group>";
		};
		EAEC514D29901DEE00FCE1F0 /* Supporting Files */ = {
			isa = PBXGroup;
			children = (
				EAEC50EB29901CD000FCE1F0 /* Assets.xcassets */,
				EAEC50ED29901CD000FCE1F0 /* LaunchScreen.storyboard */,
				EAEC50E229901CCE00FCE1F0 /* AppDelegate.swift */,
				EAEC50E429901CCE00FCE1F0 /* SceneDelegate.swift */,
			);
			path = "Supporting Files";
			sourceTree = "<group>";
		};
		EAEC514E299022F100FCE1F0 /* Other */ = {
			isa = PBXGroup;
			children = (
				EAEC514F299022F900FCE1F0 /* Character */,
			);
			path = Other;
			sourceTree = "<group>";
		};
		EAEC514F299022F900FCE1F0 /* Character */ = {
			isa = PBXGroup;
			children = (
				EAEC514B29901DE000FCE1F0 /* RMCharacterVC.swift */,
				EAEC515129902B5C00FCE1F0 /* View */,
				EAEC515029902B5400FCE1F0 /* ViewModel */,
			);
			path = Character;
			sourceTree = "<group>";
		};
		EAEC515029902B5400FCE1F0 /* ViewModel */ = {
			isa = PBXGroup;
			children = (
				EAEC515429902B7900FCE1F0 /* RMCharacterViewModel.swift */,
			);
			path = ViewModel;
			sourceTree = "<group>";
		};
		EAEC515129902B5C00FCE1F0 /* View */ = {
			isa = PBXGroup;
			children = (
				EAEC515229902B7100FCE1F0 /* RMCharacterView.swift */,
			);
			path = View;
			sourceTree = "<group>";
		};
/* End PBXGroup section */

/* Begin PBXNativeTarget section */
		EAEC50DE29901CCE00FCE1F0 /* MortyApp */ = {
			isa = PBXNativeTarget;
			buildConfigurationList = EAEC50F329901CD000FCE1F0 /* Build configuration list for PBXNativeTarget "MortyApp" */;
			buildPhases = (
				EAEC50DB29901CCE00FCE1F0 /* Sources */,
				EAEC50DC29901CCE00FCE1F0 /* Frameworks */,
				EAEC50DD29901CCE00FCE1F0 /* Resources */,
			);
			buildRules = (
			);
			dependencies = (
			);
			name = MortyApp;
			productName = MortyApp;
			productReference = EAEC50DF29901CCE00FCE1F0 /* MortyApp.app */;
			productType = "com.apple.product-type.application";
		};
/* End PBXNativeTarget section */

/* Begin PBXProject section */
		EAEC50D729901CCE00FCE1F0 /* Project object */ = {
			isa = PBXProject;
			attributes = {
				BuildIndependentTargetsInParallel = 1;
				LastSwiftUpdateCheck = 1420;
				LastUpgradeCheck = 1420;
				TargetAttributes = {
					EAEC50DE29901CCE00FCE1F0 = {
						CreatedOnToolsVersion = 14.2;
					};
				};
			};
			buildConfigurationList = EAEC50DA29901CCE00FCE1F0 /* Build configuration list for PBXProject "MortyApp" */;
			compatibilityVersion = "Xcode 14.0";
			developmentRegion = en;
			hasScannedForEncodings = 0;
			knownRegions = (
				en,
				Base,
			);
			mainGroup = EAEC50D629901CCE00FCE1F0;
			productRefGroup = EAEC50E029901CCE00FCE1F0 /* Products */;
			projectDirPath = "";
			projectRoot = "";
			targets = (
				EAEC50DE29901CCE00FCE1F0 /* MortyApp */,
			);
		};
/* End PBXProject section */

/* Begin PBXResourcesBuildPhase section */
		EAEC50DD29901CCE00FCE1F0 /* Resources */ = {
			isa = PBXResourcesBuildPhase;
			buildActionMask = 2147483647;
			files = (
				EAEC50EF29901CD000FCE1F0 /* LaunchScreen.storyboard in Resources */,
				EAEC50EC29901CD000FCE1F0 /* Assets.xcassets in Resources */,
			);
			runOnlyForDeploymentPostprocessing = 0;
		};
/* End PBXResourcesBuildPhase section */

/* Begin PBXSourcesBuildPhase section */
		EAEC50DB29901CCE00FCE1F0 /* Sources */ = {
			isa = PBXSourcesBuildPhase;
			buildActionMask = 2147483647;
			files = (
				EAE799D72992BE4D002097FA /* UIView+Extension.swift in Sources */,
				EAEC510C29901CFD00FCE1F0 /* RMCharacterStatus.swift in Sources */,
				EAEC513A29901D5200FCE1F0 /* RMEpisodeVC.swift in Sources */,
				EAEC513729901D5200FCE1F0 /* RMTabBarController.swift in Sources */,
				EAEC50E329901CCE00FCE1F0 /* AppDelegate.swift in Sources */,
				EAEC511029901CFD00FCE1F0 /* RMSingleLocation.swift in Sources */,
				EAEC510D29901CFD00FCE1F0 /* RMLocation.swift in Sources */,
				EAEC50FB29901CE600FCE1F0 /* RMRequest.swift in Sources */,
				EAEC50FF29901CF300FCE1F0 /* RMImageLoader.swift in Sources */,
				EAEC510E29901CFD00FCE1F0 /* RMEpisode.swift in Sources */,
				EAEC510F29901CFD00FCE1F0 /* RMCharacterGender.swift in Sources */,
				EAEC511229901D3C00FCE1F0 /* RMCharacter.swift in Sources */,
				EAEC515329902B7100FCE1F0 /* RMCharacterView.swift in Sources */,
				EAEC510A29901CFD00FCE1F0 /* RMGetAllCharactersResponse.swift in Sources */,
				EAEC50FC29901CE600FCE1F0 /* RMEndPoint.swift in Sources */,
				EAEC50FA29901CE600FCE1F0 /* RMService.swift in Sources */,
				EAEC514C29901DE000FCE1F0 /* RMCharacterVC.swift in Sources */,
				EAEC510B29901CFD00FCE1F0 /* RMOrigin.swift in Sources */,
				EAEC515529902B7900FCE1F0 /* RMCharacterViewModel.swift in Sources */,
				EAEC50E529901CCE00FCE1F0 /* SceneDelegate.swift in Sources */,
				EAEC513929901D5200FCE1F0 /* RMLoactionVC.swift in Sources */,
				EAEC513829901D5200FCE1F0 /* RMSettingVC.swift in Sources */,
			);
			runOnlyForDeploymentPostprocessing = 0;
		};
/* End PBXSourcesBuildPhase section */

/* Begin PBXVariantGroup section */
		EAEC50ED29901CD000FCE1F0 /* LaunchScreen.storyboard */ = {
			isa = PBXVariantGroup;
			children = (
				EAEC50EE29901CD000FCE1F0 /* Base */,
			);
			name = LaunchScreen.storyboard;
			sourceTree = "<group>";
		};
/* End PBXVariantGroup section */

/* Begin XCBuildConfiguration section */
		EAEC50F129901CD000FCE1F0 /* Debug */ = {
			isa = XCBuildConfiguration;
			buildSettings = {
				ALWAYS_SEARCH_USER_PATHS = NO;
				CLANG_ANALYZER_NONNULL = YES;
				CLANG_ANALYZER_NUMBER_OBJECT_CONVERSION = YES_AGGRESSIVE;
				CLANG_CXX_LANGUAGE_STANDARD = "gnu++20";
				CLANG_ENABLE_MODULES = YES;
				CLANG_ENABLE_OBJC_ARC = YES;
				CLANG_ENABLE_OBJC_WEAK = YES;
				CLANG_WARN_BLOCK_CAPTURE_AUTORELEASING = YES;
				CLANG_WARN_BOOL_CONVERSION = YES;
				CLANG_WARN_COMMA = YES;
				CLANG_WARN_CONSTANT_CONVERSION = YES;
				CLANG_WARN_DEPRECATED_OBJC_IMPLEMENTATIONS = YES;
				CLANG_WARN_DIRECT_OBJC_ISA_USAGE = YES_ERROR;
				CLANG_WARN_DOCUMENTATION_COMMENTS = YES;
				CLANG_WARN_EMPTY_BODY = YES;
				CLANG_WARN_ENUM_CONVERSION = YES;
				CLANG_WARN_INFINITE_RECURSION = YES;
				CLANG_WARN_INT_CONVERSION = YES;
				CLANG_WARN_NON_LITERAL_NULL_CONVERSION = YES;
				CLANG_WARN_OBJC_IMPLICIT_RETAIN_SELF = YES;
				CLANG_WARN_OBJC_LITERAL_CONVERSION = YES;
				CLANG_WARN_OBJC_ROOT_CLASS = YES_ERROR;
				CLANG_WARN_QUOTED_INCLUDE_IN_FRAMEWORK_HEADER = YES;
				CLANG_WARN_RANGE_LOOP_ANALYSIS = YES;
				CLANG_WARN_STRICT_PROTOTYPES = YES;
				CLANG_WARN_SUSPICIOUS_MOVE = YES;
				CLANG_WARN_UNGUARDED_AVAILABILITY = YES_AGGRESSIVE;
				CLANG_WARN_UNREACHABLE_CODE = YES;
				CLANG_WARN__DUPLICATE_METHOD_MATCH = YES;
				COPY_PHASE_STRIP = NO;
				DEBUG_INFORMATION_FORMAT = dwarf;
				ENABLE_STRICT_OBJC_MSGSEND = YES;
				ENABLE_TESTABILITY = YES;
				GCC_C_LANGUAGE_STANDARD = gnu11;
				GCC_DYNAMIC_NO_PIC = NO;
				GCC_NO_COMMON_BLOCKS = YES;
				GCC_OPTIMIZATION_LEVEL = 0;
				GCC_PREPROCESSOR_DEFINITIONS = (
					"DEBUG=1",
					"$(inherited)",
				);
				GCC_WARN_64_TO_32_BIT_CONVERSION = YES;
				GCC_WARN_ABOUT_RETURN_TYPE = YES_ERROR;
				GCC_WARN_UNDECLARED_SELECTOR = YES;
				GCC_WARN_UNINITIALIZED_AUTOS = YES_AGGRESSIVE;
				GCC_WARN_UNUSED_FUNCTION = YES;
				GCC_WARN_UNUSED_VARIABLE = YES;
				IPHONEOS_DEPLOYMENT_TARGET = 16.2;
				MTL_ENABLE_DEBUG_INFO = INCLUDE_SOURCE;
				MTL_FAST_MATH = YES;
				ONLY_ACTIVE_ARCH = YES;
				SDKROOT = iphoneos;
				SWIFT_ACTIVE_COMPILATION_CONDITIONS = DEBUG;
				SWIFT_OPTIMIZATION_LEVEL = "-Onone";
			};
			name = Debug;
		};
		EAEC50F229901CD000FCE1F0 /* Release */ = {
			isa = XCBuildConfiguration;
			buildSettings = {
				ALWAYS_SEARCH_USER_PATHS = NO;
				CLANG_ANALYZER_NONNULL = YES;
				CLANG_ANALYZER_NUMBER_OBJECT_CONVERSION = YES_AGGRESSIVE;
				CLANG_CXX_LANGUAGE_STANDARD = "gnu++20";
				CLANG_ENABLE_MODULES = YES;
				CLANG_ENABLE_OBJC_ARC = YES;
				CLANG_ENABLE_OBJC_WEAK = YES;
				CLANG_WARN_BLOCK_CAPTURE_AUTORELEASING = YES;
				CLANG_WARN_BOOL_CONVERSION = YES;
				CLANG_WARN_COMMA = YES;
				CLANG_WARN_CONSTANT_CONVERSION = YES;
				CLANG_WARN_DEPRECATED_OBJC_IMPLEMENTATIONS = YES;
				CLANG_WARN_DIRECT_OBJC_ISA_USAGE = YES_ERROR;
				CLANG_WARN_DOCUMENTATION_COMMENTS = YES;
				CLANG_WARN_EMPTY_BODY = YES;
				CLANG_WARN_ENUM_CONVERSION = YES;
				CLANG_WARN_INFINITE_RECURSION = YES;
				CLANG_WARN_INT_CONVERSION = YES;
				CLANG_WARN_NON_LITERAL_NULL_CONVERSION = YES;
				CLANG_WARN_OBJC_IMPLICIT_RETAIN_SELF = YES;
				CLANG_WARN_OBJC_LITERAL_CONVERSION = YES;
				CLANG_WARN_OBJC_ROOT_CLASS = YES_ERROR;
				CLANG_WARN_QUOTED_INCLUDE_IN_FRAMEWORK_HEADER = YES;
				CLANG_WARN_RANGE_LOOP_ANALYSIS = YES;
				CLANG_WARN_STRICT_PROTOTYPES = YES;
				CLANG_WARN_SUSPICIOUS_MOVE = YES;
				CLANG_WARN_UNGUARDED_AVAILABILITY = YES_AGGRESSIVE;
				CLANG_WARN_UNREACHABLE_CODE = YES;
				CLANG_WARN__DUPLICATE_METHOD_MATCH = YES;
				COPY_PHASE_STRIP = NO;
				DEBUG_INFORMATION_FORMAT = "dwarf-with-dsym";
				ENABLE_NS_ASSERTIONS = NO;
				ENABLE_STRICT_OBJC_MSGSEND = YES;
				GCC_C_LANGUAGE_STANDARD = gnu11;
				GCC_NO_COMMON_BLOCKS = YES;
				GCC_WARN_64_TO_32_BIT_CONVERSION = YES;
				GCC_WARN_ABOUT_RETURN_TYPE = YES_ERROR;
				GCC_WARN_UNDECLARED_SELECTOR = YES;
				GCC_WARN_UNINITIALIZED_AUTOS = YES_AGGRESSIVE;
				GCC_WARN_UNUSED_FUNCTION = YES;
				GCC_WARN_UNUSED_VARIABLE = YES;
				IPHONEOS_DEPLOYMENT_TARGET = 16.2;
				MTL_ENABLE_DEBUG_INFO = NO;
				MTL_FAST_MATH = YES;
				SDKROOT = iphoneos;
				SWIFT_COMPILATION_MODE = wholemodule;
				SWIFT_OPTIMIZATION_LEVEL = "-O";
				VALIDATE_PRODUCT = YES;
			};
			name = Release;
		};
		EAEC50F429901CD000FCE1F0 /* Debug */ = {
			isa = XCBuildConfiguration;
			buildSettings = {
				ASSETCATALOG_COMPILER_APPICON_NAME = AppIcon;
				ASSETCATALOG_COMPILER_GLOBAL_ACCENT_COLOR_NAME = AccentColor;
				CODE_SIGN_STYLE = Automatic;
				CURRENT_PROJECT_VERSION = 1;
				DEVELOPMENT_TEAM = 6SYM4Y4869;
				GENERATE_INFOPLIST_FILE = YES;
				INFOPLIST_FILE = MortyApp/Info.plist;
				INFOPLIST_KEY_UIApplicationSupportsIndirectInputEvents = YES;
				INFOPLIST_KEY_UILaunchStoryboardName = LaunchScreen;
				INFOPLIST_KEY_UISupportedInterfaceOrientations_iPad = "UIInterfaceOrientationPortrait UIInterfaceOrientationPortraitUpsideDown UIInterfaceOrientationLandscapeLeft UIInterfaceOrientationLandscapeRight";
				INFOPLIST_KEY_UISupportedInterfaceOrientations_iPhone = "UIInterfaceOrientationPortrait UIInterfaceOrientationLandscapeLeft UIInterfaceOrientationLandscapeRight";
				LD_RUNPATH_SEARCH_PATHS = (
					"$(inherited)",
					"@executable_path/Frameworks",
				);
				MARKETING_VERSION = 1.0;
				PRODUCT_BUNDLE_IDENTIFIER = com.rickmorty.khaled.MortyApp;
				PRODUCT_NAME = "$(TARGET_NAME)";
				SWIFT_EMIT_LOC_STRINGS = YES;
				SWIFT_VERSION = 5.0;
				TARGETED_DEVICE_FAMILY = "1,2";
			};
			name = Debug;
		};
		EAEC50F529901CD000FCE1F0 /* Release */ = {
			isa = XCBuildConfiguration;
			buildSettings = {
				ASSETCATALOG_COMPILER_APPICON_NAME = AppIcon;
				ASSETCATALOG_COMPILER_GLOBAL_ACCENT_COLOR_NAME = AccentColor;
				CODE_SIGN_STYLE = Automatic;
				CURRENT_PROJECT_VERSION = 1;
				DEVELOPMENT_TEAM = 6SYM4Y4869;
				GENERATE_INFOPLIST_FILE = YES;
				INFOPLIST_FILE = MortyApp/Info.plist;
				INFOPLIST_KEY_UIApplicationSupportsIndirectInputEvents = YES;
				INFOPLIST_KEY_UILaunchStoryboardName = LaunchScreen;
				INFOPLIST_KEY_UISupportedInterfaceOrientations_iPad = "UIInterfaceOrientationPortrait UIInterfaceOrientationPortraitUpsideDown UIInterfaceOrientationLandscapeLeft UIInterfaceOrientationLandscapeRight";
				INFOPLIST_KEY_UISupportedInterfaceOrientations_iPhone = "UIInterfaceOrientationPortrait UIInterfaceOrientationLandscapeLeft UIInterfaceOrientationLandscapeRight";
				LD_RUNPATH_SEARCH_PATHS = (
					"$(inherited)",
					"@executable_path/Frameworks",
				);
				MARKETING_VERSION = 1.0;
				PRODUCT_BUNDLE_IDENTIFIER = com.rickmorty.khaled.MortyApp;
				PRODUCT_NAME = "$(TARGET_NAME)";
				SWIFT_EMIT_LOC_STRINGS = YES;
				SWIFT_VERSION = 5.0;
				TARGETED_DEVICE_FAMILY = "1,2";
			};
			name = Release;
		};
/* End XCBuildConfiguration section */

/* Begin XCConfigurationList section */
		EAEC50DA29901CCE00FCE1F0 /* Build configuration list for PBXProject "MortyApp" */ = {
			isa = XCConfigurationList;
			buildConfigurations = (
				EAEC50F129901CD000FCE1F0 /* Debug */,
				EAEC50F229901CD000FCE1F0 /* Release */,
			);
			defaultConfigurationIsVisible = 0;
			defaultConfigurationName = Release;
		};
		EAEC50F329901CD000FCE1F0 /* Build configuration list for PBXNativeTarget "MortyApp" */ = {
			isa = XCConfigurationList;
			buildConfigurations = (
				EAEC50F429901CD000FCE1F0 /* Debug */,
				EAEC50F529901CD000FCE1F0 /* Release */,
			);
			defaultConfigurationIsVisible = 0;
			defaultConfigurationName = Release;
		};
/* End XCConfigurationList section */
	};
	rootObject = EAEC50D729901CCE00FCE1F0 /* Project object */;
}
